
Microsoft Visual Studio Solution File, Format Version 12.00
# Visual Studio Version 16
VisualStudioVersion = 16.0.32126.315
MinimumVisualStudioVersion = 10.0.40219.1
Project("{FAE04EC0-301F-11D3-BF4B-00C04F79EFBC}") = "BikeStores", "BikeStores\BikeStores.csproj", "{CADD01BA-F9B4-4753-93EA-C3ABF8F73E5A}"
EndProject
Global
	GlobalSection(SolutionConfigurationPlatforms) = preSolution
		Debug|Any CPU = Debug|Any CPU
		Release|Any CPU = Release|Any CPU
	EndGlobalSection
	GlobalSection(ProjectConfigurationPlatforms) = postSolution
		{CADD01BA-F9B4-4753-93EA-C3ABF8F73E5A}.Debug|Any CPU.ActiveCfg = Debug|Any CPU
		{CADD01BA-F9B4-4753-93EA-C3ABF8F73E5A}.Debug|Any CPU.Build.0 = Debug|Any CPU
		{CADD01BA-F9B4-4753-93EA-C3ABF8F73E5A}.Release|Any CPU.ActiveCfg = Release|Any CPU
		{CADD01BA-F9B4-4753-93EA-C3ABF8F73E5A}.Release|Any CPU.Build.0 = Release|Any CPU
	EndGlobalSection
	GlobalSection(SolutionProperties) = preSolution
		HideSolutionNode = FALSE
	EndGlobalSection
	GlobalSection(ExtensibilityGlobals) = postSolution
		SolutionGuid = {DF35E690-0E05-4C28-B710-9F3A7F5939AA}
	EndGlobalSection
EndGlobal
